<?xml version="1.0" encoding="utf-8"?>
<Project ToolsVersion="12.0" xmlns="http://schemas.microsoft.com/developer/msbuild/2003">
  <ItemGroup>
    <Filter Include="src">
      <UniqueIdentifier>{c53407a0-4776-444d-8e59-390c1235403a}</UniqueIdentifier>
    </Filter>
    <Filter Include="src\app">
      <UniqueIdentifier>{4FC737F1-C7A5-4376-A066-2A32D752A2FF}</UniqueIdentifier>
      <Extensions>cpp;c;cc;cxx;def;odl;idl;hpj;bat;asm;asmx</Extensions>
    </Filter>
    <Filter Include="src\mcal">
      <UniqueIdentifier>{554e29f2-746f-4c6a-8998-eb715891d0f1}</UniqueIdentifier>
    </Filter>
    <Filter Include="src\math">
      <UniqueIdentifier>{bb84928c-8201-4867-8230-a8a23c6668da}</UniqueIdentifier>
    </Filter>
    <Filter Include="src\util">
      <UniqueIdentifier>{befa5ae2-18e4-49b6-83de-faec1b87550d}</UniqueIdentifier>
    </Filter>
    <Filter Include="src\util\utility">
      <UniqueIdentifier>{709b9348-a32f-4b38-aad0-9d4733c541af}</UniqueIdentifier>
    </Filter>
    <Filter Include="src\util\memory">
      <UniqueIdentifier>{fb6afa64-87b9-489c-bf74-fff0df6f7822}</UniqueIdentifier>
    </Filter>
    <Filter Include="src\sys">
      <UniqueIdentifier>{ede03732-bfee-4556-a8b7-14eaa5c8d374}</UniqueIdentifier>
    </Filter>
    <Filter Include="src\sys\start">
      <UniqueIdentifier>{41a9ec66-7b1d-45ca-b5d9-4195aa12cc5f}</UniqueIdentifier>
    </Filter>
    <Filter Include="src\mcal\bcm2835_raspi_b">
      <UniqueIdentifier>{7b9388d6-f502-4205-b264-1d91355a71bf}</UniqueIdentifier>
    </Filter>
    <Filter Include="src\math\checksums">
      <UniqueIdentifier>{01aad933-5ecb-4ed6-ab76-8cca16bd0d60}</UniqueIdentifier>
    </Filter>
    <Filter Include="src\app\benchmark">
      <UniqueIdentifier>{8692e096-13a3-44ae-ab6a-cc5a7a96c3f0}</UniqueIdentifier>
    </Filter>
    <Filter Include="src\mcal\x86_64-w64-mingw32">
      <UniqueIdentifier>{2b7c4ec7-869e-40b2-a6de-a8e387212a34}</UniqueIdentifier>
    </Filter>
    <Filter Include="src\mcal\host">
      <UniqueIdentifier>{069e32de-cf68-440e-9742-c4a776f49af0}</UniqueIdentifier>
    </Filter>
    <Filter Include="src\mcal_spi">
      <UniqueIdentifier>{78643af6-533c-4eee-844d-f58523c836bd}</UniqueIdentifier>
    </Filter>
    <Filter Include="src\mcal_led">
      <UniqueIdentifier>{83dcb099-1fff-4039-8f17-70b630a69000}</UniqueIdentifier>
    </Filter>
    <Filter Include="src\mcal_lcd">
      <UniqueIdentifier>{eb8e327c-4b2e-4c04-962e-89d209a466a3}</UniqueIdentifier>
    </Filter>
    <Filter Include="src\math\checksums\hash">
      <UniqueIdentifier>{e2fcdd5d-c51e-43d0-99e2-fcc3d661473c}</UniqueIdentifier>
    </Filter>
    <Filter Include="src\math\wide_decimal">
      <UniqueIdentifier>{600114e0-a873-4e3b-8b5b-06844c801c31}</UniqueIdentifier>
    </Filter>
    <Filter Include="src\app\led">
      <UniqueIdentifier>{522e0801-ac9a-4e93-b224-84f642f06a04}</UniqueIdentifier>
    </Filter>
    <Filter Include="src\math\pi_spigot">
      <UniqueIdentifier>{26302f2b-b650-413a-bee9-9a7c10615706}</UniqueIdentifier>
    </Filter>
  </ItemGroup>
  <ItemGroup>
    <ClCompile Include="src\sys\start\sys_start.cpp">
      <Filter>src\sys\start</Filter>
    </ClCompile>
    <ClCompile Include="src\mcal\mcal.cpp">
      <Filter>src\mcal</Filter>
    </ClCompile>
    <ClCompile Include="src\mcal\host\mcal_gpt.cpp">
      <Filter>src\mcal\host</Filter>
    </ClCompile>
    <ClCompile Include="src\mcal\host\mcal_irq.cpp">
      <Filter>src\mcal\host</Filter>
    </ClCompile>
    <ClCompile Include="src\mcal\host\mcal_led.cpp">
      <Filter>src\mcal\host</Filter>
    </ClCompile>
    <ClCompile Include="src\mcal\host\mcal_osc.cpp">
      <Filter>src\mcal\host</Filter>
    </ClCompile>
    <ClCompile Include="src\mcal\host\mcal_port.cpp">
      <Filter>src\mcal\host</Filter>
    </ClCompile>
    <ClCompile Include="src\mcal\host\mcal_spi.cpp">
      <Filter>src\mcal\host</Filter>
    </ClCompile>
    <ClCompile Include="src\mcal\host\mcal_cpu.cpp">
      <Filter>src\mcal\host</Filter>
    </ClCompile>
    <ClCompile Include="src\app\benchmark\app_benchmark_pi_agm.cpp">
      <Filter>src\app\benchmark</Filter>
    </ClCompile>
    <ClCompile Include="src\mcal\mcal_gcc_cxx_completion.cpp">
      <Filter>src\mcal</Filter>
    </ClCompile>
    <ClCompile Include="src\mcal\bcm2835_raspi_b\mcal_led.cpp">
      <Filter>src\mcal\bcm2835_raspi_b</Filter>
    </ClCompile>
    <ClCompile Include="src\mcal\bcm2835_raspi_b\mcal_port.cpp">
      <Filter>src\mcal\bcm2835_raspi_b</Filter>
    </ClCompile>
    <ClCompile Include="src\mcal\bcm2835_raspi_b\mcal_cpu.cpp">
      <Filter>src\mcal\bcm2835_raspi_b</Filter>
    </ClCompile>
    <ClCompile Include="src\mcal\bcm2835_raspi_b\mcal_cpu_detail.cpp">
      <Filter>src\mcal\bcm2835_raspi_b</Filter>
    </ClCompile>
    <ClCompile Include="src\mcal\bcm2835_raspi_b\mcal_gpt.cpp">
      <Filter>src\mcal\bcm2835_raspi_b</Filter>
    </ClCompile>
    <ClCompile Include="src\mcal\bcm2835_raspi_b\mcal_irq.cpp">
      <Filter>src\mcal\bcm2835_raspi_b</Filter>
    </ClCompile>
    <ClCompile Include="src\mcal\bcm2835_raspi_b\mcal_lcd.cpp">
      <Filter>src\mcal\bcm2835_raspi_b</Filter>
    </ClCompile>
    <ClCompile Include="src\mcal\host\mcal_lcd.cpp">
      <Filter>src\mcal\host</Filter>
    </ClCompile>
    <ClCompile Include="src\app\led\app_led.cpp">
      <Filter>src\app\led</Filter>
    </ClCompile>
    <ClCompile Include="src\mcal\bcm2835_raspi_b\mcal_spi.cpp">
      <Filter>src\mcal\bcm2835_raspi_b</Filter>
    </ClCompile>
    <ClCompile Include="src\mcal\x86_64-w64-mingw32\mcal_gpt.cpp">
      <Filter>src\mcal\x86_64-w64-mingw32</Filter>
    </ClCompile>
    <ClCompile Include="src\mcal\x86_64-w64-mingw32\mcal_irq.cpp">
      <Filter>src\mcal\x86_64-w64-mingw32</Filter>
    </ClCompile>
    <ClCompile Include="src\mcal\x86_64-w64-mingw32\mcal_lcd.cpp">
      <Filter>src\mcal\x86_64-w64-mingw32</Filter>
    </ClCompile>
    <ClCompile Include="src\mcal\x86_64-w64-mingw32\mcal_led.cpp">
      <Filter>src\mcal\x86_64-w64-mingw32</Filter>
    </ClCompile>
    <ClCompile Include="src\mcal\x86_64-w64-mingw32\mcal_osc.cpp">
      <Filter>src\mcal\x86_64-w64-mingw32</Filter>
    </ClCompile>
    <ClCompile Include="src\mcal\x86_64-w64-mingw32\mcal_port.cpp">
      <Filter>src\mcal\x86_64-w64-mingw32</Filter>
    </ClCompile>
    <ClCompile Include="src\mcal\x86_64-w64-mingw32\mcal_spi.cpp">
      <Filter>src\mcal\x86_64-w64-mingw32</Filter>
    </ClCompile>
    <ClCompile Include="src\mcal\x86_64-w64-mingw32\mcal_cpu.cpp">
      <Filter>src\mcal\x86_64-w64-mingw32</Filter>
    </ClCompile>
    <ClCompile Include="src\app\benchmark\app_benchmark_pi_spigot.cpp">
      <Filter>src\app\benchmark</Filter>
    </ClCompile>
  </ItemGroup>
  <ItemGroup>
    <ClInclude Include="src\util\utility\util_bit_mask.h">
      <Filter>src\util\utility</Filter>
    </ClInclude>
    <ClInclude Include="src\util\utility\util_noncopyable.h">
      <Filter>src\util\utility</Filter>
    </ClInclude>
    <ClInclude Include="src\util\utility\util_nothing.h">
      <Filter>src\util\utility</Filter>
    </ClInclude>
    <ClInclude Include="src\util\utility\util_time.h">
      <Filter>src\util\utility</Filter>
    </ClInclude>
    <ClInclude Include="src\util\utility\util_two_part_data_manipulation.h">
      <Filter>src\util\utility</Filter>
    </ClInclude>
    <ClInclude Include="src\util\utility\util_utype_helper.h">
      <Filter>src\util\utility</Filter>
    </ClInclude>
    <ClInclude Include="src\util\memory\util_factory.h">
      <Filter>src\util\memory</Filter>
    </ClInclude>
    <ClInclude Include="src\util\memory\util_placed_pointer.h">
      <Filter>src\util\memory</Filter>
    </ClInclude>
    <ClInclude Include="src\util\utility\util_communication.h">
      <Filter>src\util\utility</Filter>
    </ClInclude>
    <ClInclude Include="src\util\utility\util_dynamic_array.h">
      <Filter>src\util\utility</Filter>
    </ClInclude>
    <ClInclude Include="src\util\memory\util_ring_allocator.h">
      <Filter>src\util\memory</Filter>
    </ClInclude>
    <ClInclude Include="src\util\memory\util_static_allocator.h">
      <Filter>src\util\memory</Filter>
    </ClInclude>
    <ClInclude Include="src\util\utility\util_circular_buffer.h">
      <Filter>src\util\utility</Filter>
    </ClInclude>
    <ClInclude Include="src\util\utility\util_linear_interpolate.h">
      <Filter>src\util\utility</Filter>
    </ClInclude>
    <ClInclude Include="src\util\utility\util_point.h">
      <Filter>src\util\utility</Filter>
    </ClInclude>
    <ClInclude Include="src\util\utility\util_stopwatch.h">
      <Filter>src\util\utility</Filter>
    </ClInclude>
    <ClInclude Include="src\util\utility\util_countof.h">
      <Filter>src\util\utility</Filter>
    </ClInclude>
    <ClInclude Include="src\util\utility\util_alignas.h">
      <Filter>src\util\utility</Filter>
    </ClInclude>
    <ClInclude Include="src\util\utility\util_swdm.h">
      <Filter>src\util\utility</Filter>
    </ClInclude>
    <ClInclude Include="src\util\utility\util_noexcept.h">
      <Filter>src\util\utility</Filter>
    </ClInclude>
    <ClInclude Include="src\util\utility\util_dynamic_bitset.h">
      <Filter>src\util\utility</Filter>
    </ClInclude>
    <ClInclude Include="src\mcal\mcal.h">
      <Filter>src\mcal</Filter>
    </ClInclude>
    <ClInclude Include="src\mcal\mcal_reg_access_dynamic.h">
      <Filter>src\mcal</Filter>
    </ClInclude>
    <ClInclude Include="src\mcal\mcal_reg_access_static.h">
      <Filter>src\mcal</Filter>
    </ClInclude>
    <ClInclude Include="src\mcal_spi\mcal_spi_software_port_driver.h">
      <Filter>src\mcal_spi</Filter>
    </ClInclude>
    <ClInclude Include="src\mcal_spi\mcal_spi_software_dummy.h">
      <Filter>src\mcal_spi</Filter>
    </ClInclude>
    <ClInclude Include="src\mcal\host\mcal_gpt.h">
      <Filter>src\mcal\host</Filter>
    </ClInclude>
    <ClInclude Include="src\mcal\host\mcal_irq.h">
      <Filter>src\mcal\host</Filter>
    </ClInclude>
    <ClInclude Include="src\mcal\host\mcal_led.h">
      <Filter>src\mcal\host</Filter>
    </ClInclude>
    <ClInclude Include="src\mcal\host\mcal_osc.h">
      <Filter>src\mcal\host</Filter>
    </ClInclude>
    <ClInclude Include="src\mcal\host\mcal_port.h">
      <Filter>src\mcal\host</Filter>
    </ClInclude>
    <ClInclude Include="src\mcal\host\mcal_reg.h">
      <Filter>src\mcal\host</Filter>
    </ClInclude>
    <ClInclude Include="src\mcal\host\mcal_ser.h">
      <Filter>src\mcal\host</Filter>
    </ClInclude>
    <ClInclude Include="src\mcal\host\mcal_spi.h">
      <Filter>src\mcal\host</Filter>
    </ClInclude>
    <ClInclude Include="src\mcal\host\mcal_cpu.h">
      <Filter>src\mcal\host</Filter>
    </ClInclude>
    <ClInclude Include="src\mcal_led\mcal_led_base.h">
      <Filter>src\mcal_led</Filter>
    </ClInclude>
    <ClInclude Include="src\mcal_led\mcal_led_console.h">
      <Filter>src\mcal_led</Filter>
    </ClInclude>
    <ClInclude Include="src\mcal_led\mcal_led_port.h">
      <Filter>src\mcal_led</Filter>
    </ClInclude>
    <ClInclude Include="src\mcal_led\mcal_led_pwm.h">
      <Filter>src\mcal_led</Filter>
    </ClInclude>
    <ClInclude Include="src\mcal\mcal_helper.h">
      <Filter>src\mcal</Filter>
    </ClInclude>
    <ClInclude Include="src\mcal_lcd\mcal_lcd_console.h">
      <Filter>src\mcal_lcd</Filter>
    </ClInclude>
    <ClInclude Include="src\mcal_lcd\mcal_lcd_base.h">
      <Filter>src\mcal_lcd</Filter>
    </ClInclude>
    <ClInclude Include="src\mcal_led\mcal_led_port_inverted.h">
      <Filter>src\mcal_led</Filter>
    </ClInclude>
    <ClInclude Include="src\mcal_led\mcal_led_boolean_state_base.h">
      <Filter>src\mcal_led</Filter>
    </ClInclude>
    <ClInclude Include="src\util\utility\util_narrow_cast.h">
      <Filter>src\util\utility</Filter>
    </ClInclude>
    <ClInclude Include="src\util\memory\util_n_slot_array_allocator.h">
      <Filter>src\util\memory</Filter>
    </ClInclude>
    <ClInclude Include="src\math\wide_decimal\decwide_t.h">
      <Filter>src\math\wide_decimal</Filter>
    </ClInclude>
    <ClInclude Include="src\util\utility\util_baselexical_cast.h">
      <Filter>src\util\utility</Filter>
    </ClInclude>
    <ClInclude Include="src\mcal_lcd\mcal_lcd_generic_st7066.h">
      <Filter>src\mcal_lcd</Filter>
    </ClInclude>
    <ClInclude Include="src\math\wide_decimal\decwide_t_detail.h">
      <Filter>src\math\wide_decimal</Filter>
    </ClInclude>
    <ClInclude Include="src\math\wide_decimal\decwide_t_detail_fft.h">
      <Filter>src\math\wide_decimal</Filter>
    </ClInclude>
    <ClInclude Include="src\math\wide_decimal\decwide_t_detail_ops.h">
      <Filter>src\math\wide_decimal</Filter>
    </ClInclude>
    <ClInclude Include="src\mcal\bcm2835_raspi_b\mcal_lcd_st7066u_newhaven_0216k1z.h">
      <Filter>src\mcal\bcm2835_raspi_b</Filter>
    </ClInclude>
    <ClInclude Include="src\mcal\bcm2835_raspi_b\mcal_led.h">
      <Filter>src\mcal\bcm2835_raspi_b</Filter>
    </ClInclude>
    <ClInclude Include="src\mcal\bcm2835_raspi_b\mcal_port.h">
      <Filter>src\mcal\bcm2835_raspi_b</Filter>
    </ClInclude>
    <ClInclude Include="src\mcal\bcm2835_raspi_b\mcal_port_expander_microchip_mcp23s17.h">
      <Filter>src\mcal\bcm2835_raspi_b</Filter>
    </ClInclude>
    <ClInclude Include="src\mcal\bcm2835_raspi_b\mcal_port_pin_dummy.h">
      <Filter>src\mcal\bcm2835_raspi_b</Filter>
    </ClInclude>
    <ClInclude Include="src\mcal\bcm2835_raspi_b\mcal_reg.h">
      <Filter>src\mcal\bcm2835_raspi_b</Filter>
    </ClInclude>
    <ClInclude Include="src\mcal\bcm2835_raspi_b\mcal_cpu.h">
      <Filter>src\mcal\bcm2835_raspi_b</Filter>
    </ClInclude>
    <ClInclude Include="src\mcal\bcm2835_raspi_b\mcal_cpu_detail_secure.h">
      <Filter>src\mcal\bcm2835_raspi_b</Filter>
    </ClInclude>
    <ClInclude Include="src\mcal\bcm2835_raspi_b\mcal_gpt.h">
      <Filter>src\mcal\bcm2835_raspi_b</Filter>
    </ClInclude>
    <ClInclude Include="src\mcal\bcm2835_raspi_b\mcal_irq.h">
      <Filter>src\mcal\bcm2835_raspi_b</Filter>
    </ClInclude>
    <ClInclude Include="src\mcal\bcm2835_raspi_b\mcal_lcd.h">
      <Filter>src\mcal\bcm2835_raspi_b</Filter>
    </ClInclude>
    <ClInclude Include="src\mcal\host\mcal_lcd.h">
      <Filter>src\mcal\host</Filter>
    </ClInclude>
    <ClInclude Include="src\mcal\bcm2835_raspi_b\mcal_spi.h">
      <Filter>src\mcal\bcm2835_raspi_b</Filter>
    </ClInclude>
    <ClInclude Include="src\mcal\x86_64-w64-mingw32\mcal_cpu.h">
      <Filter>src\mcal\x86_64-w64-mingw32</Filter>
    </ClInclude>
    <ClInclude Include="src\mcal\x86_64-w64-mingw32\mcal_gpt.h">
      <Filter>src\mcal\x86_64-w64-mingw32</Filter>
    </ClInclude>
    <ClInclude Include="src\mcal\x86_64-w64-mingw32\mcal_irq.h">
      <Filter>src\mcal\x86_64-w64-mingw32</Filter>
    </ClInclude>
    <ClInclude Include="src\mcal\x86_64-w64-mingw32\mcal_lcd.h">
      <Filter>src\mcal\x86_64-w64-mingw32</Filter>
    </ClInclude>
    <ClInclude Include="src\mcal\x86_64-w64-mingw32\mcal_led.h">
      <Filter>src\mcal\x86_64-w64-mingw32</Filter>
    </ClInclude>
    <ClInclude Include="src\mcal\x86_64-w64-mingw32\mcal_osc.h">
      <Filter>src\mcal\x86_64-w64-mingw32</Filter>
    </ClInclude>
    <ClInclude Include="src\mcal\x86_64-w64-mingw32\mcal_port.h">
      <Filter>src\mcal\x86_64-w64-mingw32</Filter>
    </ClInclude>
    <ClInclude Include="src\mcal\x86_64-w64-mingw32\mcal_reg.h">
      <Filter>src\mcal\x86_64-w64-mingw32</Filter>
    </ClInclude>
    <ClInclude Include="src\mcal\x86_64-w64-mingw32\mcal_ser.h">
      <Filter>src\mcal\x86_64-w64-mingw32</Filter>
    </ClInclude>
    <ClInclude Include="src\mcal\x86_64-w64-mingw32\mcal_spi.h">
      <Filter>src\mcal\x86_64-w64-mingw32</Filter>
    </ClInclude>
    <ClInclude Include="src\math\wide_decimal\decwide_t_detail_namespace.h">
      <Filter>src\math\wide_decimal</Filter>
    </ClInclude>
    <ClInclude Include="src\math\pi_spigot\pi_spigot.h">
      <Filter>src\math\pi_spigot</Filter>
    </ClInclude>
    <ClInclude Include="src\math\checksums\hash\hash_detail.h">
      <Filter>src\math\checksums\hash</Filter>
    </ClInclude>
    <ClInclude Include="src\math\checksums\hash\hash_sha1.h">
      <Filter>src\math\checksums\hash</Filter>
    </ClInclude>
    <ClInclude Include="src\math\checksums\hash\hash_base.h">
      <Filter>src\math\checksums\hash</Filter>
    </ClInclude>
    <ClInclude Include="src\math\checksums\hash\hash_stream_base.h">
      <Filter>src\math\checksums\hash</Filter>
    </ClInclude>
    <ClInclude Include="src\mcal\bcm2835_raspi_b\mcal_port_expander_base.h">
      <Filter>src\mcal\bcm2835_raspi_b</Filter>
    </ClInclude>
  </ItemGroup>
  <ItemGroup>
    <None Include="src\mcal\bcm2835_raspi_b\mcal_reg.s">
      <Filter>src\mcal\bcm2835_raspi_b</Filter>
    </None>
    <None Include="src\mcal\bcm2835_raspi_b\mcal_cpu_detail_secure.s">
      <Filter>src\mcal\bcm2835_raspi_b</Filter>
    </None>
  </ItemGroup>
</Project>